
Microsoft Visual Studio Solution File, Format Version 12.00
# Visual Studio Version 17
VisualStudioVersion = 17.0.31903.59
MinimumVisualStudioVersion = 10.0.40219.1
Project("{2150E333-8FDC-42A3-9474-1A3956D46DE8}") = "src", "src", "{5B8A93A8-8245-4CFA-9CF7-D0674014E738}"
EndProject
Project("{FAE04EC0-301F-11D3-BF4B-00C04F79EFBC}") = "RadioActivityMonitor.ConsoleApp", "src\RadioActivityMonitor.ConsoleApp\RadioActivityMonitor.ConsoleApp.csproj", "{1408500E-126A-45BC-9408-FC1EC9045862}"
EndProject
Project("{2150E333-8FDC-42A3-9474-1A3956D46DE8}") = "tests", "tests", "{85AF391A-DB55-4541-81E2-DC995F4F8868}"
EndProject
Project("{FAE04EC0-301F-11D3-BF4B-00C04F79EFBC}") = "RadioActivityMonitor.ConsoleApp.Tests", "tests\RadioActivityMonitor.ConsoleApp.Tests\RadioActivityMonitor.ConsoleApp.Tests.csproj", "{F669D5C2-7763-4EC3-B3FF-F1F45C49AB7A}"
EndProject
Global
	GlobalSection(SolutionConfigurationPlatforms) = preSolution
		Debug|Any CPU = Debug|Any CPU
		Release|Any CPU = Release|Any CPU
	EndGlobalSection
	GlobalSection(SolutionProperties) = preSolution
		HideSolutionNode = FALSE
	EndGlobalSection
	GlobalSection(ProjectConfigurationPlatforms) = postSolution
		{1408500E-126A-45BC-9408-FC1EC9045862}.Debug|Any CPU.ActiveCfg = Debug|Any CPU
		{1408500E-126A-45BC-9408-FC1EC9045862}.Debug|Any CPU.Build.0 = Debug|Any CPU
		{1408500E-126A-45BC-9408-FC1EC9045862}.Release|Any CPU.ActiveCfg = Release|Any CPU
		{1408500E-126A-45BC-9408-FC1EC9045862}.Release|Any CPU.Build.0 = Release|Any CPU
		{F669D5C2-7763-4EC3-B3FF-F1F45C49AB7A}.Debug|Any CPU.ActiveCfg = Debug|Any CPU
		{F669D5C2-7763-4EC3-B3FF-F1F45C49AB7A}.Debug|Any CPU.Build.0 = Debug|Any CPU
		{F669D5C2-7763-4EC3-B3FF-F1F45C49AB7A}.Release|Any CPU.ActiveCfg = Release|Any CPU
		{F669D5C2-7763-4EC3-B3FF-F1F45C49AB7A}.Release|Any CPU.Build.0 = Release|Any CPU
	EndGlobalSection
	GlobalSection(NestedProjects) = preSolution
		{1408500E-126A-45BC-9408-FC1EC9045862} = {5B8A93A8-8245-4CFA-9CF7-D0674014E738}
		{F669D5C2-7763-4EC3-B3FF-F1F45C49AB7A} = {85AF391A-DB55-4541-81E2-DC995F4F8868}
	EndGlobalSection
EndGlobal
